github.com/aarsakian/EWF_Reader v0.0.0-20260306182323-6ede308af4dd h1:6pmZCRHFF3YUKkCHFAZ3yMmY3JAWzvPpwAuE07r4tPg=
github.com/aarsakian/EWF_Reader v0.0.0-20260306182323-6ede308af4dd/go.mod h1:d6erJYcE1G79EhLFO1lTgteghLoEYyn3B4MEsTR2Hpo=
github.com/aarsakian/VHD_Reader v0.0.0-20260509153804-d2ecda471a5f h1:LXmFOg16p0MGhRPe9TTnkd8x9y6+N6PsPLzpw1tg8SA=
github.com/aarsakian/VHD_Reader v0.0.0-20260509153804-d2ecda471a5f/go.mod h1:+xUCzmV5Vt4FfMyGwIHnDqdBJeVgFqmA3K2pDhE8nbY=
github.com/aarsakian/VMDK_Reader v0.0.0-20240910071554-9d72aac7f6b9 h1:TxwSHpf0ff0ilqnrYx6L+qP3Cd+Z0jCLORbIKcPFo4Y=
github.com/aarsakian/VMDK_Reader v0.0.0-20240910071554-9d72aac7f6b9/go.mod h1:a+SYNiPvKba0NMg3g9BXlLVZflohz06h4veLf0gyySY=
golang.org/x/sys v0.45.0 h1:dO4czNzziLiiXplLQgBCEpCvXQ3dnkn0SdaZSYdQ+FY=
golang.org/x/sys v0.45.0/go.mod h1:4GL1E5IUh+htKOUEOaiffhrAeqysfVGipDYzABqnCmw=
golang.org/x/text v0.37.0 h1:Cqjiwd9eSg8e0QAkyCaQTNHFIIzWtidPahFWR83rTrc=
golang.org/x/text v0.37.0/go.mod h1:a5sjxXGs9hsn/AJVwuElvCAo9v8QYLzvavO5z2PiM38=
