github.com/aarsakian/EWF_Reader v0.0.0-20260306182323-6ede308af4dd h1:6pmZCRHFF3YUKkCHFAZ3yMmY3JAWzvPpwAuE07r4tPg=
github.com/aarsakian/EWF_Reader v0.0.0-20260306182323-6ede308af4dd/go.mod h1:d6erJYcE1G79EhLFO1lTgteghLoEYyn3B4MEsTR2Hpo=
github.com/aarsakian/VHD_Reader v0.0.0-20260623095742-34fa1b9fa562 h1:cpFSIpYTNzxvrTF39x4E5W9RqeZ2nrcecTdt+HlNqdc=
github.com/aarsakian/VHD_Reader v0.0.0-20260623095742-34fa1b9fa562/go.mod h1:+xUCzmV5Vt4FfMyGwIHnDqdBJeVgFqmA3K2pDhE8nbY=
github.com/aarsakian/VHD_Reader v0.0.0-20260902064702-e73668c40cdd h1:tjS0npTvOekp2iMQo+5VC0l2ZCFUEDr+IBlRUvYKatc=
github.com/aarsakian/VHD_Reader v0.0.0-20260902064702-e73668c40cdd/go.mod h1:+xUCzmV5Vt4FfMyGwIHnDqdBJeVgFqmA3K2pDhE8nbY=
github.com/aarsakian/VHD_Reader v0.0.0-20260904055716-d92cc20c0d9d h1:Ya1AnXpwg8+eY2JMaSAIAsQ3pBZ0olbTzyv1HwZ/YJY=
github.com/aarsakian/VHD_Reader v0.0.0-20260904055716-d92cc20c0d9d/go.mod h1:+xUCzmV5Vt4FfMyGwIHnDqdBJeVgFqmA3K2pDhE8nbY=
github.com/aarsakian/VHD_Reader v0.0.0-20260904061049-261f0bf7813a h1:10TgW1OBGfafgr9nuPh6LZgUZ4xxxsj3xj9nJz5yFZI=
github.com/aarsakian/VHD_Reader v0.0.0-20260904061049-261f0bf7813a/go.mod h1:+xUCzmV5Vt4FfMyGwIHnDqdBJeVgFqmA3K2pDhE8nbY=
github.com/aarsakian/VHD_Reader v0.0.0-20260906135650-e6fa8ff5002b h1:XnCqLaYhj/IALEh73R7SgFnQnWAaoFv6DO0O3W9CJys=
github.com/aarsakian/VHD_Reader v0.0.0-20260906135650-e6fa8ff5002b/go.mod h1:+xUCzmV5Vt4FfMyGwIHnDqdBJeVgFqmA3K2pDhE8nbY=
github.com/aarsakian/VHD_Reader v0.0.0-20260906153804-8adace9e122c h1:ZXAkc/HJ6O62WSi48I0lbCCja50J2HOndBLiT6MqBwI=
github.com/aarsakian/VHD_Reader v0.0.0-20260906153804-8adace9e122c/go.mod h1:+xUCzmV5Vt4FfMyGwIHnDqdBJeVgFqmA3K2pDhE8nbY=
github.com/aarsakian/VHD_Reader v0.0.0-20260906154812-252b2832d59f h1:Q6jPxrnN7dy4GzHQH5hpQ7NCbIGgKDulTBPF1sVhV9o=
github.com/aarsakian/VHD_Reader v0.0.0-20260906154812-252b2832d59f/go.mod h1:+xUCzmV5Vt4FfMyGwIHnDqdBJeVgFqmA3K2pDhE8nbY=
github.com/aarsakian/VHD_Reader v0.0.0-20260907124406-c3fa2df7e2c2 h1:ThXTWpmjm9dOeceicXnkk/0OPT0vuxezYAYc7EyThY0=
github.com/aarsakian/VHD_Reader v0.0.0-20260907124406-c3fa2df7e2c2/go.mod h1:+xUCzmV5Vt4FfMyGwIHnDqdBJeVgFqmA3K2pDhE8nbY=
github.com/aarsakian/VHD_Reader v0.0.0-20260913092507-15d34d837e50 h1:n8fQL1qWYcSaSNbXbXvloPzMQd1wrf6Bj+IETfaq4yA=
github.com/aarsakian/VHD_Reader v0.0.0-20260913092507-15d34d837e50/go.mod h1:+xUCzmV5Vt4FfMyGwIHnDqdBJeVgFqmA3K2pDhE8nbY=
github.com/aarsakian/VMDK_Reader v0.0.0-20240910071554-9d72aac7f6b9 h1:TxwSHpf0ff0ilqnrYx6L+qP3Cd+Z0jCLORbIKcPFo4Y=
github.com/aarsakian/VMDK_Reader v0.0.0-20240910071554-9d72aac7f6b9/go.mod h1:a+SYNiPvKba0NMg3g9BXlLVZflohz06h4veLf0gyySY=
golang.org/x/sys v0.45.0 h1:dO4czNzziLiiXplLQgBCEpCvXQ3dnkn0SdaZSYdQ+FY=
golang.org/x/sys v0.45.0/go.mod h1:4GL1E5IUh+htKOUEOaiffhrAeqysfVGipDYzABqnCmw=
golang.org/x/sys v0.47.0 h1:o7XGOvZQCADBQQ4Y7VNq2dRWQR7JmOUW8Kxx4ZsNgWs=
golang.org/x/sys v0.47.0/go.mod h1:4GL1E5IUh+htKOUEOaiffhrAeqysfVGipDYzABqnCmw=
golang.org/x/text v0.37.0 h1:Cqjiwd9eSg8e0QAkyCaQTNHFIIzWtidPahFWR83rTrc=
golang.org/x/text v0.37.0/go.mod h1:a5sjxXGs9hsn/AJVwuElvCAo9v8QYLzvavO5z2PiM38=
golang.org/x/text v0.41.0 h1:vz/seA0lnX87Othu2f/0L24RcgrXD9/YFTSuGjj3rH8=
golang.org/x/text v0.41.0/go.mod h1:jvf1O8ajNzZqhSrQBPbutR/EB83Cc0CFrezNQIwbb5M=
